
Microsoft Visual Studio Solution File, Format Version 12.00
Project("{FAE04EC0-301F-11D3-BF4B-00C04F79EFBC}") = "PegSolitaire", "PegSolitaire\PegSolitaire.csproj", "{B1281657-9967-402C-B69B-F78C81E2152C}"
EndProject
Project("{FAE04EC0-301F-11D3-BF4B-00C04F79EFBC}") = "PegSolitaire.Engine", "PegSolitaire.Engine\PegSolitaire.Engine.csproj", "{8DEDF044-FD0B-4AB4-931E-575D2F1439B6}"
EndProject
Project("{FAE04EC0-301F-11D3-BF4B-00C04F79EFBC}") = "PegSolitaire.Engine.Tests", "PegSolitaire.Engine.Tests\PegSolitaire.Engine.Tests.csproj", "{E6ECDB85-FFE6-4335-ABF3-B763ED2CA624}"
EndProject
Global
	GlobalSection(SolutionConfigurationPlatforms) = preSolution
		Debug|Any CPU = Debug|Any CPU
		Debug|x64 = Debug|x64
		Debug|x86 = Debug|x86
		Release|Any CPU = Release|Any CPU
		Release|x64 = Release|x64
		Release|x86 = Release|x86
	EndGlobalSection
	GlobalSection(ProjectConfigurationPlatforms) = postSolution
		{B1281657-9967-402C-B69B-F78C81E2152C}.Debug|Any CPU.ActiveCfg = Debug|Any CPU
		{B1281657-9967-402C-B69B-F78C81E2152C}.Debug|Any CPU.Build.0 = Debug|Any CPU
		{B1281657-9967-402C-B69B-F78C81E2152C}.Debug|x64.ActiveCfg = Debug|Any CPU
		{B1281657-9967-402C-B69B-F78C81E2152C}.Debug|x64.Build.0 = Debug|Any CPU
		{B1281657-9967-402C-B69B-F78C81E2152C}.Debug|x86.ActiveCfg = Debug|Any CPU
		{B1281657-9967-402C-B69B-F78C81E2152C}.Debug|x86.Build.0 = Debug|Any CPU
		{B1281657-9967-402C-B69B-F78C81E2152C}.Release|Any CPU.ActiveCfg = Release|Any CPU
		{B1281657-9967-402C-B69B-F78C81E2152C}.Release|Any CPU.Build.0 = Release|Any CPU
		{B1281657-9967-402C-B69B-F78C81E2152C}.Release|x64.ActiveCfg = Release|Any CPU
		{B1281657-9967-402C-B69B-F78C81E2152C}.Release|x64.Build.0 = Release|Any CPU
		{B1281657-9967-402C-B69B-F78C81E2152C}.Release|x86.ActiveCfg = Release|Any CPU
		{B1281657-9967-402C-B69B-F78C81E2152C}.Release|x86.Build.0 = Release|Any CPU
		{8DEDF044-FD0B-4AB4-931E-575D2F1439B6}.Debug|Any CPU.ActiveCfg = Debug|Any CPU
		{8DEDF044-FD0B-4AB4-931E-575D2F1439B6}.Debug|Any CPU.Build.0 = Debug|Any CPU
		{8DEDF044-FD0B-4AB4-931E-575D2F1439B6}.Debug|x64.ActiveCfg = Debug|Any CPU
		{8DEDF044-FD0B-4AB4-931E-575D2F1439B6}.Debug|x64.Build.0 = Debug|Any CPU
		{8DEDF044-FD0B-4AB4-931E-575D2F1439B6}.Debug|x86.ActiveCfg = Debug|Any CPU
		{8DEDF044-FD0B-4AB4-931E-575D2F1439B6}.Debug|x86.Build.0 = Debug|Any CPU
		{8DEDF044-FD0B-4AB4-931E-575D2F1439B6}.Release|Any CPU.ActiveCfg = Release|Any CPU
		{8DEDF044-FD0B-4AB4-931E-575D2F1439B6}.Release|Any CPU.Build.0 = Release|Any CPU
		{8DEDF044-FD0B-4AB4-931E-575D2F1439B6}.Release|x64.ActiveCfg = Release|Any CPU
		{8DEDF044-FD0B-4AB4-931E-575D2F1439B6}.Release|x64.Build.0 = Release|Any CPU
		{8DEDF044-FD0B-4AB4-931E-575D2F1439B6}.Release|x86.ActiveCfg = Release|Any CPU
		{8DEDF044-FD0B-4AB4-931E-575D2F1439B6}.Release|x86.Build.0 = Release|Any CPU
		{E6ECDB85-FFE6-4335-ABF3-B763ED2CA624}.Debug|Any CPU.ActiveCfg = Debug|Any CPU
		{E6ECDB85-FFE6-4335-ABF3-B763ED2CA624}.Debug|Any CPU.Build.0 = Debug|Any CPU
		{E6ECDB85-FFE6-4335-ABF3-B763ED2CA624}.Debug|x64.ActiveCfg = Debug|Any CPU
		{E6ECDB85-FFE6-4335-ABF3-B763ED2CA624}.Debug|x64.Build.0 = Debug|Any CPU
		{E6ECDB85-FFE6-4335-ABF3-B763ED2CA624}.Debug|x86.ActiveCfg = Debug|Any CPU
		{E6ECDB85-FFE6-4335-ABF3-B763ED2CA624}.Debug|x86.Build.0 = Debug|Any CPU
		{E6ECDB85-FFE6-4335-ABF3-B763ED2CA624}.Release|Any CPU.ActiveCfg = Release|Any CPU
		{E6ECDB85-FFE6-4335-ABF3-B763ED2CA624}.Release|Any CPU.Build.0 = Release|Any CPU
		{E6ECDB85-FFE6-4335-ABF3-B763ED2CA624}.Release|x64.ActiveCfg = Release|Any CPU
		{E6ECDB85-FFE6-4335-ABF3-B763ED2CA624}.Release|x64.Build.0 = Release|Any CPU
		{E6ECDB85-FFE6-4335-ABF3-B763ED2CA624}.Release|x86.ActiveCfg = Release|Any CPU
		{E6ECDB85-FFE6-4335-ABF3-B763ED2CA624}.Release|x86.Build.0 = Release|Any CPU
	EndGlobalSection
	GlobalSection(SolutionProperties) = preSolution
		HideSolutionNode = FALSE
	EndGlobalSection
EndGlobal
